<?xml version="1.0" encoding="utf-8"?>
<Project xmlns="http://schemas.microsoft.com/developer/msbuild/2003">
  <ItemGroup>
    <Filter Include="Form Files">
      <UniqueIdentifier>{99349809-55BA-4b9d-BF79-8FDBB0286EB3}</UniqueIdentifier>
      <Extensions>ui</Extensions>
      <ParseFiles>false</ParseFiles>
    </Filter>
    <Filter Include="Form Files">
      <UniqueIdentifier>{99349809-55BA-4b9d-BF79-8FDBB0286EB3}</UniqueIdentifier>
      <Extensions>ui</Extensions>
      <ParseFiles>false</ParseFiles>
    </Filter>
    <Filter Include="Generated Files">
      <UniqueIdentifier>{71ED8ED8-ACB9-4CE9-BBE1-E00B30144E11}</UniqueIdentifier>
      <Extensions>cpp;c;cxx;moc;h;def;odl;idl;res;</Extensions>
    </Filter>
    <Filter Include="Generated Files">
      <UniqueIdentifier>{71ED8ED8-ACB9-4CE9-BBE1-E00B30144E11}</UniqueIdentifier>
      <Extensions>cpp;c;cxx;moc;h;def;odl;idl;res;</Extensions>
    </Filter>
    <Filter Include="Header Files">
      <UniqueIdentifier>{93995380-89BD-4b04-88EB-625FBE52EBFB}</UniqueIdentifier>
      <Extensions>h;hpp;hxx;hm;inl;inc;xsd</Extensions>
    </Filter>
    <Filter Include="Header Files">
      <UniqueIdentifier>{93995380-89BD-4b04-88EB-625FBE52EBFB}</UniqueIdentifier>
      <Extensions>h;hpp;hxx;hm;inl;inc;xsd</Extensions>
    </Filter>
    <Filter Include="Resource Files">
      <UniqueIdentifier>{D9D6E242-F8AF-46E4-B9FD-80ECBC20BA3E}</UniqueIdentifier>
      <Extensions>qrc;*</Extensions>
      <ParseFiles>false</ParseFiles>
    </Filter>
    <Filter Include="Resource Files">
      <UniqueIdentifier>{D9D6E242-F8AF-46E4-B9FD-80ECBC20BA3E}</UniqueIdentifier>
      <Extensions>qrc;*</Extensions>
      <ParseFiles>false</ParseFiles>
    </Filter>
    <Filter Include="Source Files">
      <UniqueIdentifier>{4FC737F1-C7A5-4376-A066-2A32D752A2FF}</UniqueIdentifier>
      <Extensions>cpp;c;cxx;def;odl;idl;hpj;bat;asm;asmx</Extensions>
    </Filter>
    <Filter Include="Source Files">
      <UniqueIdentifier>{4FC737F1-C7A5-4376-A066-2A32D752A2FF}</UniqueIdentifier>
      <Extensions>cpp;c;cxx;def;odl;idl;hpj;bat;asm;asmx</Extensions>
    </Filter>
  </ItemGroup>
  <ItemGroup>
    <ClCompile Include="aboutdialog.cpp">
      <Filter>Source Files</Filter>
    </ClCompile>
    <ClCompile Include="clickablelabel.cpp">
      <Filter>Source Files</Filter>
    </ClCompile>
    <ClCompile Include="errorhistorydlg.cpp">
      <Filter>Source Files</Filter>
    </ClCompile>
    <ClCompile Include="magnetdaq-table.cpp">
      <Filter>Source Files</Filter>
    </ClCompile>
    <ClCompile Include="magnetdaq-upgrade.cpp">
      <Filter>Source Files</Filter>
    </ClCompile>
    <ClCompile Include="magnetdaq.cpp">
      <Filter>Source Files</Filter>
    </ClCompile>
    <ClCompile Include="magnetdaq_config.cpp">
      <Filter>Source Files</Filter>
    </ClCompile>
    <ClCompile Include="magnetdaq_devices.cpp">
      <Filter>Source Files</Filter>
    </ClCompile>
    <ClCompile Include="magnetdaq_events.cpp">
      <Filter>Source Files</Filter>
    </ClCompile>
    <ClCompile Include="magnetdaq_plot.cpp">
      <Filter>Source Files</Filter>
    </ClCompile>
    <ClCompile Include="magnetdaq_ramp_plot.cpp">
      <Filter>Source Files</Filter>
    </ClCompile>
    <ClCompile Include="magnetdaq_rampdown_plot.cpp">
      <Filter>Source Files</Filter>
    </ClCompile>
    <ClCompile Include="magnetdaq_support.cpp">
      <Filter>Source Files</Filter>
    </ClCompile>
    <ClCompile Include="main.cpp">
      <Filter>Source Files</Filter>
    </ClCompile>
    <ClCompile Include="model430.cpp">
      <Filter>Source Files</Filter>
    </ClCompile>
    <ClCompile Include="parser.cpp">
      <Filter>Source Files</Filter>
    </ClCompile>
    <ClCompile Include="qled.cpp">
      <Filter>Source Files</Filter>
    </ClCompile>
    <ClCompile Include="qtablewidgetwithcopypaste.cpp">
      <Filter>Source Files</Filter>
    </ClCompile>
    <ClCompile Include="socket.cpp">
      <Filter>Source Files</Filter>
    </ClCompile>
    <ClCompile Include="stdafx.cpp">
      <Filter>Source Files</Filter>
    </ClCompile>
  </ItemGroup>
  <ItemGroup>
    <QtMoc Include="aboutdialog.h">
      <Filter>Header Files</Filter>
    </QtMoc>
    <QtMoc Include="clickablelabel.h">
      <Filter>Header Files</Filter>
    </QtMoc>
    <QtMoc Include="errorhistorydlg.h">
      <Filter>Header Files</Filter>
    </QtMoc>
    <QtMoc Include="magnetdaq.h">
      <Filter>Header Files</Filter>
    </QtMoc>
    <QtMoc Include="model430.h">
      <Filter>Header Files</Filter>
    </QtMoc>
    <QtMoc Include="parser.h">
      <Filter>Header Files</Filter>
    </QtMoc>
    <ClInclude Include="property.hpp">
      <Filter>Header Files</Filter>
    </ClInclude>
    <QtMoc Include="qled.h">
      <Filter>Header Files</Filter>
    </QtMoc>
    <ClInclude Include="qtablewidgetwithcopypaste.h">
      <Filter>Header Files</Filter>
    </ClInclude>
    <QtMoc Include="replytimeout.h">
      <Filter>Header Files</Filter>
    </QtMoc>
    <ClInclude Include="resource.h">
      <Filter>Header Files</Filter>
    </ClInclude>
    <ClInclude Include="signal.hpp">
      <Filter>Header Files</Filter>
    </ClInclude>
    <QtMoc Include="socket.h">
      <Filter>Header Files</Filter>
    </QtMoc>
    <CustomBuild Include="stdafx.h">
      <Filter>Header Files</Filter>
    </CustomBuild>
    <ClInclude Include="version.h">
      <Filter>Header Files</Filter>
    </ClInclude>
  </ItemGroup>
  <ItemGroup>
    <CustomBuild Include="debug\moc_predefs.h.cbt">
      <Filter>Generated Files</Filter>
    </CustomBuild>
    <CustomBuild Include="release\moc_predefs.h.cbt">
      <Filter>Generated Files</Filter>
    </CustomBuild>
    <ClCompile Include="stdafx.h.cpp">
      <Filter>Generated Files</Filter>
    </ClCompile>
  </ItemGroup>
  <ItemGroup>
    <QtRcc Include="magnetdaq.qrc">
      <Filter>Resource Files</Filter>
    </QtRcc>
  </ItemGroup>
  <ItemGroup>
    <ResourceCompile Include="Magnet-DAQ.rc" />
  </ItemGroup>
  <ItemGroup>
    <QtUic Include="aboutdialog.ui">
      <Filter>Form Files</Filter>
    </QtUic>
    <QtUic Include="errorhistorydlg.ui">
      <Filter>Form Files</Filter>
    </QtUic>
    <QtUic Include="magnetdaq.ui">
      <Filter>Form Files</Filter>
    </QtUic>
  </ItemGroup>
</Project>